
Microsoft Visual Studio Solution File, Format Version 12.00
# Visual Studio Version 16
VisualStudioVersion = 16.0.31005.135
MinimumVisualStudioVersion = 10.0.40219.1
Project("{FAE04EC0-301F-11D3-BF4B-00C04F79EFBC}") = "EA DB Editor", "WebPageCreator\EA DB Editor.csproj", "{19BE3BC4-EC8A-4378-A6A9-211D9F93E1BC}"
EndProject
Project("{FAE04EC0-301F-11D3-BF4B-00C04F79EFBC}") = "RefreshRunner", "RefreshRunner\RefreshRunner.csproj", "{8210D40D-F417-4AD6-8FCE-ACF99AAF60B5}"
EndProject
Global
	GlobalSection(SolutionConfigurationPlatforms) = preSolution
		Debug|Any CPU = Debug|Any CPU
		Debug|x86 = Debug|x86
		Release|Any CPU = Release|Any CPU
		Release|x86 = Release|x86
	EndGlobalSection
	GlobalSection(ProjectConfigurationPlatforms) = postSolution
		{19BE3BC4-EC8A-4378-A6A9-211D9F93E1BC}.Debug|Any CPU.ActiveCfg = Debug|x86
		{19BE3BC4-EC8A-4378-A6A9-211D9F93E1BC}.Debug|x86.ActiveCfg = Debug|x86
		{19BE3BC4-EC8A-4378-A6A9-211D9F93E1BC}.Debug|x86.Build.0 = Debug|x86
		{19BE3BC4-EC8A-4378-A6A9-211D9F93E1BC}.Release|Any CPU.ActiveCfg = Release|x86
		{19BE3BC4-EC8A-4378-A6A9-211D9F93E1BC}.Release|x86.ActiveCfg = Release|x86
		{19BE3BC4-EC8A-4378-A6A9-211D9F93E1BC}.Release|x86.Build.0 = Release|x86
		{8210D40D-F417-4AD6-8FCE-ACF99AAF60B5}.Debug|Any CPU.ActiveCfg = Debug|Any CPU
		{8210D40D-F417-4AD6-8FCE-ACF99AAF60B5}.Debug|Any CPU.Build.0 = Debug|Any CPU
		{8210D40D-F417-4AD6-8FCE-ACF99AAF60B5}.Debug|x86.ActiveCfg = Debug|Any CPU
		{8210D40D-F417-4AD6-8FCE-ACF99AAF60B5}.Debug|x86.Build.0 = Debug|Any CPU
		{8210D40D-F417-4AD6-8FCE-ACF99AAF60B5}.Release|Any CPU.ActiveCfg = Release|Any CPU
		{8210D40D-F417-4AD6-8FCE-ACF99AAF60B5}.Release|Any CPU.Build.0 = Release|Any CPU
		{8210D40D-F417-4AD6-8FCE-ACF99AAF60B5}.Release|x86.ActiveCfg = Release|Any CPU
		{8210D40D-F417-4AD6-8FCE-ACF99AAF60B5}.Release|x86.Build.0 = Release|Any CPU
	EndGlobalSection
	GlobalSection(SolutionProperties) = preSolution
		HideSolutionNode = FALSE
	EndGlobalSection
	GlobalSection(ExtensibilityGlobals) = postSolution
		SolutionGuid = {B8FF1230-06FA-48F9-BB3F-4D33B52AF36B}
	EndGlobalSection
EndGlobal
